
Microsoft Visual Studio Solution File, Format Version 12.00
# Visual Studio 14
VisualStudioVersion = 14.0.25420.1
MinimumVisualStudioVersion = 10.0.40219.1
Project("{FAE04EC0-301F-11D3-BF4B-00C04F79EFBC}") = "BookStore", "BookStore\BookStore.csproj", "{786AB9DA-8F92-4C79-BA9A-81BF8002E770}"
EndProject
Project("{FAE04EC0-301F-11D3-BF4B-00C04F79EFBC}") = "BookStore.Domain", "BookStore.Domain\BookStore.Domain.csproj", "{94A0789F-B961-44EA-94A2-3D27E2BDED67}"
EndProject
Global
	GlobalSection(SolutionConfigurationPlatforms) = preSolution
		Debug|Any CPU = Debug|Any CPU
		Release|Any CPU = Release|Any CPU
	EndGlobalSection
	GlobalSection(ProjectConfigurationPlatforms) = postSolution
		{786AB9DA-8F92-4C79-BA9A-81BF8002E770}.Debug|Any CPU.ActiveCfg = Debug|Any CPU
		{786AB9DA-8F92-4C79-BA9A-81BF8002E770}.Debug|Any CPU.Build.0 = Debug|Any CPU
		{786AB9DA-8F92-4C79-BA9A-81BF8002E770}.Release|Any CPU.ActiveCfg = Release|Any CPU
		{786AB9DA-8F92-4C79-BA9A-81BF8002E770}.Release|Any CPU.Build.0 = Release|Any CPU
		{94A0789F-B961-44EA-94A2-3D27E2BDED67}.Debug|Any CPU.ActiveCfg = Debug|Any CPU
		{94A0789F-B961-44EA-94A2-3D27E2BDED67}.Debug|Any CPU.Build.0 = Debug|Any CPU
		{94A0789F-B961-44EA-94A2-3D27E2BDED67}.Release|Any CPU.ActiveCfg = Release|Any CPU
		{94A0789F-B961-44EA-94A2-3D27E2BDED67}.Release|Any CPU.Build.0 = Release|Any CPU
	EndGlobalSection
	GlobalSection(SolutionProperties) = preSolution
		HideSolutionNode = FALSE
	EndGlobalSection
EndGlobal
